
Microsoft Visual Studio Solution File, Format Version 12.00
# Visual Studio Version 17
VisualStudioVersion = 17.1.32421.90
MinimumVisualStudioVersion = 10.0.40219.1
Project("{9A19103F-16F7-4668-BE54-9A1E7A4F7556}") = "MyComicsManager.Model.Shared", ".\MyComicsManager.Model.Shared\MyComicsManager.Model.Shared.csproj", "{71243B07-E739-4F3E-99F1-73D0D73ADDEF}"
EndProject
Project("{9A19103F-16F7-4668-BE54-9A1E7A4F7556}") = "MyComicsManagerWeb", ".\MyComicsManagerWeb\MyComicsManagerWeb.csproj", "{6FAA4596-5D79-44B1-B5A0-088A5A505A0E}"
EndProject
Project("{9A19103F-16F7-4668-BE54-9A1E7A4F7556}") = "MyComicsManagerApi", ".\MyComicsManagerApi\MyComicsManagerApi.csproj", "{F5879FDF-5F72-4082-9C90-0F9523DE5E80}"
EndProject
Project("{FAE04EC0-301F-11D3-BF4B-00C04F79EFBC}") = "MyComicsManagerApiTests", "MyComicsManagerApi\MyComicsManagerApi.Tests\MyComicsManagerApiTests.csproj", "{0CB71BCA-7DCB-4805-AD45-3E2944776554}"
EndProject
Global
	GlobalSection(SolutionConfigurationPlatforms) = preSolution
		Debug|Any CPU = Debug|Any CPU
		Release|Any CPU = Release|Any CPU
	EndGlobalSection
	GlobalSection(ProjectConfigurationPlatforms) = postSolution
		{71243B07-E739-4F3E-99F1-73D0D73ADDEF}.Debug|Any CPU.ActiveCfg = Debug|Any CPU
		{71243B07-E739-4F3E-99F1-73D0D73ADDEF}.Debug|Any CPU.Build.0 = Debug|Any CPU
		{71243B07-E739-4F3E-99F1-73D0D73ADDEF}.Release|Any CPU.ActiveCfg = Release|Any CPU
		{71243B07-E739-4F3E-99F1-73D0D73ADDEF}.Release|Any CPU.Build.0 = Release|Any CPU
		{6FAA4596-5D79-44B1-B5A0-088A5A505A0E}.Debug|Any CPU.ActiveCfg = Debug|Any CPU
		{6FAA4596-5D79-44B1-B5A0-088A5A505A0E}.Debug|Any CPU.Build.0 = Debug|Any CPU
		{6FAA4596-5D79-44B1-B5A0-088A5A505A0E}.Release|Any CPU.ActiveCfg = Release|Any CPU
		{6FAA4596-5D79-44B1-B5A0-088A5A505A0E}.Release|Any CPU.Build.0 = Release|Any CPU
		{F5879FDF-5F72-4082-9C90-0F9523DE5E80}.Debug|Any CPU.ActiveCfg = Debug|Any CPU
		{F5879FDF-5F72-4082-9C90-0F9523DE5E80}.Debug|Any CPU.Build.0 = Debug|Any CPU
		{F5879FDF-5F72-4082-9C90-0F9523DE5E80}.Release|Any CPU.ActiveCfg = Release|Any CPU
		{F5879FDF-5F72-4082-9C90-0F9523DE5E80}.Release|Any CPU.Build.0 = Release|Any CPU
		{0CB71BCA-7DCB-4805-AD45-3E2944776554}.Debug|Any CPU.ActiveCfg = Debug|Any CPU
		{0CB71BCA-7DCB-4805-AD45-3E2944776554}.Debug|Any CPU.Build.0 = Debug|Any CPU
		{0CB71BCA-7DCB-4805-AD45-3E2944776554}.Release|Any CPU.ActiveCfg = Release|Any CPU
		{0CB71BCA-7DCB-4805-AD45-3E2944776554}.Release|Any CPU.Build.0 = Release|Any CPU
	EndGlobalSection
	GlobalSection(SolutionProperties) = preSolution
		HideSolutionNode = FALSE
	EndGlobalSection
	GlobalSection(ExtensibilityGlobals) = postSolution
		SolutionGuid = {D6C826B0-667C-48FA-9EC7-8636E9E95E44}
	EndGlobalSection
EndGlobal
